// !$*UTF8*$!
{
	archiveVersion = 1;
	classes = {
	};
	objectVersion = 46;
	objects = {

/* Begin PBXBuildFile section */
		03674AD61FDF4D710079E435 /* LoginViewController.m in Sources */ = {isa = PBXBuildFile; fileRef = 03674AD51FDF4D710079E435 /* LoginViewController.m */; };
		03674AD91FDF52480079E435 /* mainViewController.m in Sources */ = {isa = PBXBuildFile; fileRef = 03674AD81FDF52480079E435 /* mainViewController.m */; };
		03674ADC1FDF541B0079E435 /* finViewController.m in Sources */ = {isa = PBXBuildFile; fileRef = 03674ADB1FDF541B0079E435 /* finViewController.m */; };
		0386143E1FCCD55D006A65AD /* main.m in Sources */ = {isa = PBXBuildFile; fileRef = 0386143D1FCCD55D006A65AD /* main.m */; };
		038614411FCCD55D006A65AD /* AppDelegate.m in Sources */ = {isa = PBXBuildFile; fileRef = 038614401FCCD55D006A65AD /* AppDelegate.m */; };
		038614471FCCD55D006A65AD /* Main.storyboard in Resources */ = {isa = PBXBuildFile; fileRef = 038614451FCCD55D006A65AD /* Main.storyboard */; };
		038614491FCCD55D006A65AD /* Assets.xcassets in Resources */ = {isa = PBXBuildFile; fileRef = 038614481FCCD55D006A65AD /* Assets.xcassets */; };
		0386144C1FCCD55D006A65AD /* LaunchScreen.storyboard in Resources */ = {isa = PBXBuildFile; fileRef = 0386144A1FCCD55D006A65AD /* LaunchScreen.storyboard */; };
/* End PBXBuildFile section */

/* Begin PBXFileReference section */
		03674AD41FDF4D710079E435 /* LoginViewController.h */ = {isa = PBXFileReference; fileEncoding = 4; lastKnownFileType = sourcecode.c.h; path = LoginViewController.h; sourceTree = "<group>"; };
		03674AD51FDF4D710079E435 /* LoginViewController.m */ = {isa = PBXFileReference; fileEncoding = 4; lastKnownFileType = sourcecode.c.objc; path = LoginViewController.m; sourceTree = "<group>"; };
		03674AD71FDF52480079E435 /* mainViewController.h */ = {isa = PBXFileReference; fileEncoding = 4; lastKnownFileType = sourcecode.c.h; path = mainViewController.h; sourceTree = "<group>"; };
		03674AD81FDF52480079E435 /* mainViewController.m */ = {isa = PBXFileReference; fileEncoding = 4; lastKnownFileType = sourcecode.c.objc; path = mainViewController.m; sourceTree = "<group>"; };
		03674ADA1FDF541B0079E435 /* finViewController.h */ = {isa = PBXFileReference; fileEncoding = 4; lastKnownFileType = sourcecode.c.h; path = finViewController.h; sourceTree = "<group>"; };
		03674ADB1FDF541B0079E435 /* finViewController.m */ = {isa = PBXFileReference; fileEncoding = 4; lastKnownFileType = sourcecode.c.objc; path = finViewController.m; sourceTree = "<group>"; };
		038614391FCCD55D006A65AD /* PrimeraAplicacion.app */ = {isa = PBXFileReference; explicitFileType = wrapper.application; includeInIndex = 0; path = PrimeraAplicacion.app; sourceTree = BUILT_PRODUCTS_DIR; };
		0386143D1FCCD55D006A65AD /* main.m */ = {isa = PBXFileReference; lastKnownFileType = sourcecode.c.objc; path = main.m; sourceTree = "<group>"; };
		0386143F1FCCD55D006A65AD /* AppDelegate.h */ = {isa = PBXFileReference; lastKnownFileType = sourcecode.c.h; path = AppDelegate.h; sourceTree = "<group>"; };
		038614401FCCD55D006A65AD /* AppDelegate.m */ = {isa = PBXFileReference; lastKnownFileType = sourcecode.c.objc; path = AppDelegate.m; sourceTree = "<group>"; };
		038614461FCCD55D006A65AD /* Base */ = {isa = PBXFileReference; lastKnownFileType = file.storyboard; name = Base; path = Base.lproj/Main.storyboard; sourceTree = "<group>"; };
		038614481FCCD55D006A65AD /* Assets.xcassets */ = {isa = PBXFileReference; lastKnownFileType = folder.assetcatalog; path = Assets.xcassets; sourceTree = "<group>"; };
		0386144B1FCCD55D006A65AD /* Base */ = {isa = PBXFileReference; lastKnownFileType = file.storyboard; name = Base; path = Base.lproj/LaunchScreen.storyboard; sourceTree = "<group>"; };
		0386144D1FCCD55D006A65AD /* Info.plist */ = {isa = PBXFileReference; lastKnownFileType = text.plist.xml; path = Info.plist; sourceTree = "<group>"; };
/* End PBXFileReference section */

/* Begin PBXFrameworksBuildPhase section */
		038614361FCCD55D006A65AD /* Frameworks */ = {
			isa = PBXFrameworksBuildPhase;
			buildActionMask = 2147483647;
			files = (
			);
			runOnlyForDeploymentPostprocessing = 0;
		};
/* End PBXFrameworksBuildPhase section */

/* Begin PBXGroup section */
		038614301FCCD55D006A65AD = {
			isa = PBXGroup;
			children = (
				0386143B1FCCD55D006A65AD /* PrimeraAplicacion */,
				0386143A1FCCD55D006A65AD /* Products */,
			);
			sourceTree = "<group>";
		};
		0386143A1FCCD55D006A65AD /* Products */ = {
			isa = PBXGroup;
			children = (
				038614391FCCD55D006A65AD /* PrimeraAplicacion.app */,
			);
			name = Products;
			sourceTree = "<group>";
		};
		0386143B1FCCD55D006A65AD /* PrimeraAplicacion */ = {
			isa = PBXGroup;
			children = (
				0386143F1FCCD55D006A65AD /* AppDelegate.h */,
				038614401FCCD55D006A65AD /* AppDelegate.m */,
				038614451FCCD55D006A65AD /* Main.storyboard */,
				038614481FCCD55D006A65AD /* Assets.xcassets */,
				0386144A1FCCD55D006A65AD /* LaunchScreen.storyboard */,
				0386144D1FCCD55D006A65AD /* Info.plist */,
				0386143C1FCCD55D006A65AD /* Supporting Files */,
				03674AD41FDF4D710079E435 /* LoginViewController.h */,
				03674AD51FDF4D710079E435 /* LoginViewController.m */,
				03674AD71FDF52480079E435 /* mainViewController.h */,
				03674AD81FDF52480079E435 /* mainViewController.m */,
				03674ADA1FDF541B0079E435 /* finViewController.h */,
				03674ADB1FDF541B0079E435 /* finViewController.m */,
			);
			path = PrimeraAplicacion;
			sourceTree = "<group>";
		};
		0386143C1FCCD55D006A65AD /* Supporting Files */ = {
			isa = PBXGroup;
			children = (
				0386143D1FCCD55D006A65AD /* main.m */,
			);
			name = "Supporting Files";
			sourceTree = "<group>";
		};
/* End PBXGroup section */

/* Begin PBXNativeTarget section */
		038614381FCCD55D006A65AD /* PrimeraAplicacion */ = {
			isa = PBXNativeTarget;
			buildConfigurationList = 038614501FCCD55D006A65AD /* Build configuration list for PBXNativeTarget "PrimeraAplicacion" */;
			buildPhases = (
				038614351FCCD55D006A65AD /* Sources */,
				038614361FCCD55D006A65AD /* Frameworks */,
				038614371FCCD55D006A65AD /* Resources */,
			);
			buildRules = (
			);
			dependencies = (
			);
			name = PrimeraAplicacion;
			productName = PrimeraAplicacion;
			productReference = 038614391FCCD55D006A65AD /* PrimeraAplicacion.app */;
			productType = "com.apple.product-type.application";
		};
/* End PBXNativeTarget section */

/* Begin PBXProject section */
		038614311FCCD55D006A65AD /* Project object */ = {
			isa = PBXProject;
			attributes = {
				LastUpgradeCheck = 0830;
				ORGANIZATIONNAME = EducacionIT;
				TargetAttributes = {
					038614381FCCD55D006A65AD = {
						CreatedOnToolsVersion = 8.3;
						ProvisioningStyle = Automatic;
					};
				};
			};
			buildConfigurationList = 038614341FCCD55D006A65AD /* Build configuration list for PBXProject "PrimeraAplicacion" */;
			compatibilityVersion = "Xcode 3.2";
			developmentRegion = English;
			hasScannedForEncodings = 0;
			knownRegions = (
				en,
				Base,
			);
			mainGroup = 038614301FCCD55D006A65AD;
			productRefGroup = 0386143A1FCCD55D006A65AD /* Products */;
			projectDirPath = "";
			projectRoot = "";
			targets = (
				038614381FCCD55D006A65AD /* PrimeraAplicacion */,
			);
		};
/* End PBXProject section */

/* Begin PBXResourcesBuildPhase section */
		038614371FCCD55D006A65AD /* Resources */ = {
			isa = PBXResourcesBuildPhase;
			buildActionMask = 2147483647;
			files = (
				0386144C1FCCD55D006A65AD /* LaunchScreen.storyboard in Resources */,
				038614491FCCD55D006A65AD /* Assets.xcassets in Resources */,
				038614471FCCD55D006A65AD /* Main.storyboard in Resources */,
			);
			runOnlyForDeploymentPostprocessing = 0;
		};
/* End PBXResourcesBuildPhase section */

/* Begin PBXSourcesBuildPhase section */
		038614351FCCD55D006A65AD /* Sources */ = {
			isa = PBXSourcesBuildPhase;
			buildActionMask = 2147483647;
			files = (
				03674ADC1FDF541B0079E435 /* finViewController.m in Sources */,
				038614411FCCD55D006A65AD /* AppDelegate.m in Sources */,
				0386143E1FCCD55D006A65AD /* main.m in Sources */,
				03674AD61FDF4D710079E435 /* LoginViewController.m in Sources */,
				03674AD91FDF52480079E435 /* mainViewController.m in Sources */,
			);
			runOnlyForDeploymentPostprocessing = 0;
		};
/* End PBXSourcesBuildPhase section */

/* Begin PBXVariantGroup section */
		038614451FCCD55D006A65AD /* Main.storyboard */ = {
			isa = PBXVariantGroup;
			children = (
				038614461FCCD55D006A65AD /* Base */,
			);
			name = Main.storyboard;
			sourceTree = "<group>";
		};
		0386144A1FCCD55D006A65AD /* LaunchScreen.storyboard */ = {
			isa = PBXVariantGroup;
			children = (
				0386144B1FCCD55D006A65AD /* Base */,
			);
			name = LaunchScreen.storyboard;
			sourceTree = "<group>";
		};
/* End PBXVariantGroup section */

/* Begin XCBuildConfiguration section */
		0386144E1FCCD55D006A65AD /* Debug */ = {
			isa = XCBuildConfiguration;
			buildSettings = {
				ALWAYS_SEARCH_USER_PATHS = NO;
				CLANG_ANALYZER_NONNULL = YES;
				CLANG_ANALYZER_NUMBER_OBJECT_CONVERSION = YES_AGGRESSIVE;
				CLANG_CXX_LANGUAGE_STANDARD = "gnu++0x";
				CLANG_CXX_LIBRARY = "libc++";
				CLANG_ENABLE_MODULES = YES;
				CLANG_ENABLE_OBJC_ARC = YES;
				CLANG_WARN_BOOL_CONVERSION = YES;
				CLANG_WARN_CONSTANT_CONVERSION = YES;
				CLANG_WARN_DIRECT_OBJC_ISA_USAGE = YES_ERROR;
				CLANG_WARN_DOCUMENTATION_COMMENTS = YES;
				CLANG_WARN_EMPTY_BODY = YES;
				CLANG_WARN_ENUM_CONVERSION = YES;
				CLANG_WARN_INFINITE_RECURSION = YES;
				CLANG_WARN_INT_CONVERSION = YES;
				CLANG_WARN_OBJC_ROOT_CLASS = YES_ERROR;
				CLANG_WARN_SUSPICIOUS_MOVE = YES;
				CLANG_WARN_UNREACHABLE_CODE = YES;
				CLANG_WARN__DUPLICATE_METHOD_MATCH = YES;
				"CODE_SIGN_IDENTITY[sdk=iphoneos*]" = "iPhone Developer";
				COPY_PHASE_STRIP = NO;
				DEBUG_INFORMATION_FORMAT = dwarf;
				ENABLE_STRICT_OBJC_MSGSEND = YES;
				ENABLE_TESTABILITY = YES;
				GCC_C_LANGUAGE_STANDARD = gnu99;
				GCC_DYNAMIC_NO_PIC = NO;
				GCC_NO_COMMON_BLOCKS = YES;
				GCC_OPTIMIZATION_LEVEL = 0;
				GCC_PREPROCESSOR_DEFINITIONS = (
					"DEBUG=1",
					"$(inherited)",
				);
				GCC_WARN_64_TO_32_BIT_CONVERSION = YES;
				GCC_WARN_ABOUT_RETURN_TYPE = YES_ERROR;
				GCC_WARN_UNDECLARED_SELECTOR = YES;
				GCC_WARN_UNINITIALIZED_AUTOS = YES_AGGRESSIVE;
				GCC_WARN_UNUSED_FUNCTION = YES;
				GCC_WARN_UNUSED_VARIABLE = YES;
				IPHONEOS_DEPLOYMENT_TARGET = 10.3;
				MTL_ENABLE_DEBUG_INFO = YES;
				ONLY_ACTIVE_ARCH = YES;
				SDKROOT = iphoneos;
			};
			name = Debug;
		};
		0386144F1FCCD55D006A65AD /* Release */ = {
			isa = XCBuildConfiguration;
			buildSettings = {
				ALWAYS_SEARCH_USER_PATHS = NO;
				CLANG_ANALYZER_NONNULL = YES;
				CLANG_ANALYZER_NUMBER_OBJECT_CONVERSION = YES_AGGRESSIVE;
				CLANG_CXX_LANGUAGE_STANDARD = "gnu++0x";
				CLANG_CXX_LIBRARY = "libc++";
				CLANG_ENABLE_MODULES = YES;
				CLANG_ENABLE_OBJC_ARC = YES;
				CLANG_WARN_BOOL_CONVERSION = YES;
				CLANG_WARN_CONSTANT_CONVERSION = YES;
				CLANG_WARN_DIRECT_OBJC_ISA_USAGE = YES_ERROR;
				CLANG_WARN_DOCUMENTATION_COMMENTS = YES;
				CLANG_WARN_EMPTY_BODY = YES;
				CLANG_WARN_ENUM_CONVERSION = YES;
				CLANG_WARN_INFINITE_RECURSION = YES;
				CLANG_WARN_INT_CONVERSION = YES;
				CLANG_WARN_OBJC_ROOT_CLASS = YES_ERROR;
				CLANG_WARN_SUSPICIOUS_MOVE = YES;
				CLANG_WARN_UNREACHABLE_CODE = YES;
				CLANG_WARN__DUPLICATE_METHOD_MATCH = YES;
				"CODE_SIGN_IDENTITY[sdk=iphoneos*]" = "iPhone Developer";
				COPY_PHASE_STRIP = NO;
				DEBUG_INFORMATION_FORMAT = "dwarf-with-dsym";
				ENABLE_NS_ASSERTIONS = NO;
				ENABLE_STRICT_OBJC_MSGSEND = YES;
				GCC_C_LANGUAGE_STANDARD = gnu99;
				GCC_NO_COMMON_BLOCKS = YES;
				GCC_WARN_64_TO_32_BIT_CONVERSION = YES;
				GCC_WARN_ABOUT_RETURN_TYPE = YES_ERROR;
				GCC_WARN_UNDECLARED_SELECTOR = YES;
				GCC_WARN_UNINITIALIZED_AUTOS = YES_AGGRESSIVE;
				GCC_WARN_UNUSED_FUNCTION = YES;
				GCC_WARN_UNUSED_VARIABLE = YES;
				IPHONEOS_DEPLOYMENT_TARGET = 10.3;
				MTL_ENABLE_DEBUG_INFO = NO;
				SDKROOT = iphoneos;
				VALIDATE_PRODUCT = YES;
			};
			name = Release;
		};
		038614511FCCD55D006A65AD /* Debug */ = {
			isa = XCBuildConfiguration;
			buildSettings = {
				ASSETCATALOG_COMPILER_APPICON_NAME = AppIcon;
				INFOPLIST_FILE = PrimeraAplicacion/Info.plist;
				IPHONEOS_DEPLOYMENT_TARGET = 9.0;
				LD_RUNPATH_SEARCH_PATHS = "$(inherited) @executable_path/Frameworks";
				PRODUCT_BUNDLE_IDENTIFIER = com.educacionit.PrimeraAplicacion;
				PRODUCT_NAME = "$(TARGET_NAME)";
			};
			name = Debug;
		};
		038614521FCCD55D006A65AD /* Release */ = {
			isa = XCBuildConfiguration;
			buildSettings = {
				ASSETCATALOG_COMPILER_APPICON_NAME = AppIcon;
				INFOPLIST_FILE = PrimeraAplicacion/Info.plist;
				IPHONEOS_DEPLOYMENT_TARGET = 9.0;
				LD_RUNPATH_SEARCH_PATHS = "$(inherited) @executable_path/Frameworks";
				PRODUCT_BUNDLE_IDENTIFIER = com.educacionit.PrimeraAplicacion;
				PRODUCT_NAME = "$(TARGET_NAME)";
			};
			name = Release;
		};
/* End XCBuildConfiguration section */

/* Begin XCConfigurationList section */
		038614341FCCD55D006A65AD /* Build configuration list for PBXProject "PrimeraAplicacion" */ = {
			isa = XCConfigurationList;
			buildConfigurations = (
				0386144E1FCCD55D006A65AD /* Debug */,
				0386144F1FCCD55D006A65AD /* Release */,
			);
			defaultConfigurationIsVisible = 0;
			defaultConfigurationName = Release;
		};
		038614501FCCD55D006A65AD /* Build configuration list for PBXNativeTarget "PrimeraAplicacion" */ = {
			isa = XCConfigurationList;
			buildConfigurations = (
				038614511FCCD55D006A65AD /* Debug */,
				038614521FCCD55D006A65AD /* Release */,
			);
			defaultConfigurationIsVisible = 0;
			defaultConfigurationName = Release;
		};
/* End XCConfigurationList section */
	};
	rootObject = 038614311FCCD55D006A65AD /* Project object */;
}
